
Microsoft Visual Studio Solution File, Format Version 12.00
# Visual Studio Version 17
VisualStudioVersion = 17.13.35818.85 d17.13
MinimumVisualStudioVersion = 10.0.40219.1
Project("{FAE04EC0-301F-11D3-BF4B-00C04F79EFBC}") = "EmployeeReports", "EmployeeReports\EmployeeReports.csproj", "{A1F8CAE5-8BB0-43A9-BAE3-55D3ED331CFE}"
EndProject
Global
	GlobalSection(SolutionConfigurationPlatforms) = preSolution
		Debug|Any CPU = Debug|Any CPU
		Release|Any CPU = Release|Any CPU
	EndGlobalSection
	GlobalSection(ProjectConfigurationPlatforms) = postSolution
		{A1F8CAE5-8BB0-43A9-BAE3-55D3ED331CFE}.Debug|Any CPU.ActiveCfg = Debug|Any CPU
		{A1F8CAE5-8BB0-43A9-BAE3-55D3ED331CFE}.Debug|Any CPU.Build.0 = Debug|Any CPU
		{A1F8CAE5-8BB0-43A9-BAE3-55D3ED331CFE}.Release|Any CPU.ActiveCfg = Release|Any CPU
		{A1F8CAE5-8BB0-43A9-BAE3-55D3ED331CFE}.Release|Any CPU.Build.0 = Release|Any CPU
	EndGlobalSection
	GlobalSection(SolutionProperties) = preSolution
		HideSolutionNode = FALSE
	EndGlobalSection
	GlobalSection(ExtensibilityGlobals) = postSolution
		SolutionGuid = {B668EB90-3B38-424B-9556-22D1D848D799}
	EndGlobalSection
EndGlobal
